
Microsoft Visual Studio Solution File, Format Version 12.00
# Visual Studio Version 17
VisualStudioVersion = 17.9.34723.18
MinimumVisualStudioVersion = 10.0.40219.1
Project("{8BC9CEB8-8B4A-11D0-8D11-00A0C91BC942}") = "MAIN", "MAIN\MAIN.vcxproj", "{E5419106-DA4C-4D1A-B6C8-EAE0CB7C0964}"
EndProject
Project("{8BC9CEB8-8B4A-11D0-8D11-00A0C91BC942}") = "MENU", "MENU\MENU.vcxproj", "{73B7BA44-9E6F-4851-9CC2-41C4E35C13C1}"
EndProject
Project("{8BC9CEB8-8B4A-11D0-8D11-00A0C91BC942}") = "GAME00", "GAME00\GAME00.vcxproj", "{01B623A3-E9AE-4A67-B72D-8EB263B0BB7A}"
EndProject
Project("{8BC9CEB8-8B4A-11D0-8D11-00A0C91BC942}") = "GAME01", "GAME01\GAME01.vcxproj", "{4D265000-82EA-401B-B4B4-3CEF13E2EDA5}"
EndProject
Project("{8BC9CEB8-8B4A-11D0-8D11-00A0C91BC942}") = "GAME02", "GAME02\GAME02.vcxproj", "{86E4D003-118C-474C-9B3C-5D12B4986480}"
EndProject
Project("{8BC9CEB8-8B4A-11D0-8D11-00A0C91BC942}") = "GAME03", "GAME03\GAME03.vcxproj", "{88F6A583-56C4-4758-B7F0-70FEF9C194F0}"
EndProject
Project("{8BC9CEB8-8B4A-11D0-8D11-00A0C91BC942}") = "GAME04", "GAME04\GAME04.vcxproj", "{1F2744CA-FA33-45C8-8DCD-FB19F079BCF9}"
EndProject
Project("{8BC9CEB8-8B4A-11D0-8D11-00A0C91BC942}") = "GAME05", "GAME05\GAME05.vcxproj", "{EEF3B5DD-F013-4631-B616-1D4F392E69BA}"
EndProject
Project("{8BC9CEB8-8B4A-11D0-8D11-00A0C91BC942}") = "GAME06", "GAME06\GAME06.vcxproj", "{5A4B8DF9-2BD3-4FFF-A654-D67A969FAE2D}"
EndProject
Project("{8BC9CEB8-8B4A-11D0-8D11-00A0C91BC942}") = "GAME07", "GAME07\GAME07.vcxproj", "{4121C06B-CC46-4ABF-8503-DE48EC48DB27}"
EndProject
Project("{8BC9CEB8-8B4A-11D0-8D11-00A0C91BC942}") = "GAME08", "GAME08\GAME08.vcxproj", "{840C8B9E-9AD1-4B5F-9E59-EBAA3516A9EA}"
EndProject
Project("{8BC9CEB8-8B4A-11D0-8D11-00A0C91BC942}") = "GAME09", "GAME09\GAME09.vcxproj", "{A36A47A1-99DD-42B8-B2D0-F08E762F20A9}"
EndProject
Project("{8BC9CEB8-8B4A-11D0-8D11-00A0C91BC942}") = "GAME10", "GAME10\GAME10.vcxproj", "{AE651DF7-6DEC-4BE7-8414-D5DB93B9EE0A}"
EndProject
Project("{8BC9CEB8-8B4A-11D0-8D11-00A0C91BC942}") = "GAME11", "GAME11\GAME11.vcxproj", "{597D974C-BCCE-487A-89B4-20764194FD0C}"
EndProject
Project("{8BC9CEB8-8B4A-11D0-8D11-00A0C91BC942}") = "GAME12", "GAME12\GAME12.vcxproj", "{031CC0F1-AE43-4BB8-BF42-BC53A4328F56}"
EndProject
Project("{8BC9CEB8-8B4A-11D0-8D11-00A0C91BC942}") = "GAME13", "GAME13\GAME13.vcxproj", "{5CB93143-9790-4447-BAFC-DCCDE9CD209C}"
EndProject
Project("{8BC9CEB8-8B4A-11D0-8D11-00A0C91BC942}") = "GAME14", "GAME14\GAME14.vcxproj", "{4D5AC8DB-4AF1-4605-9794-6989770A4119}"
EndProject
Project("{8BC9CEB8-8B4A-11D0-8D11-00A0C91BC942}") = "GAME15", "GAME15\GAME15.vcxproj", "{3A599E41-A007-41E5-B252-B702DFFB5ACE}"
EndProject
Project("{8BC9CEB8-8B4A-11D0-8D11-00A0C91BC942}") = "libOne", "..\libOne\libOne.vcxproj", "{94BF0C4F-AB80-4DD3-8195-D212BC414797}"
EndProject
Global
	GlobalSection(SolutionConfigurationPlatforms) = preSolution
		Debug|x64 = Debug|x64
		Debug|x86 = Debug|x86
		Release|x64 = Release|x64
		Release|x86 = Release|x86
	EndGlobalSection
	GlobalSection(ProjectConfigurationPlatforms) = postSolution
		{E5419106-DA4C-4D1A-B6C8-EAE0CB7C0964}.Debug|x64.ActiveCfg = Debug|x64
		{E5419106-DA4C-4D1A-B6C8-EAE0CB7C0964}.Debug|x64.Build.0 = Debug|x64
		{E5419106-DA4C-4D1A-B6C8-EAE0CB7C0964}.Debug|x86.ActiveCfg = Debug|Win32
		{E5419106-DA4C-4D1A-B6C8-EAE0CB7C0964}.Debug|x86.Build.0 = Debug|Win32
		{E5419106-DA4C-4D1A-B6C8-EAE0CB7C0964}.Release|x64.ActiveCfg = Release|x64
		{E5419106-DA4C-4D1A-B6C8-EAE0CB7C0964}.Release|x64.Build.0 = Release|x64
		{E5419106-DA4C-4D1A-B6C8-EAE0CB7C0964}.Release|x86.ActiveCfg = Release|Win32
		{E5419106-DA4C-4D1A-B6C8-EAE0CB7C0964}.Release|x86.Build.0 = Release|Win32
		{73B7BA44-9E6F-4851-9CC2-41C4E35C13C1}.Debug|x64.ActiveCfg = Debug|x64
		{73B7BA44-9E6F-4851-9CC2-41C4E35C13C1}.Debug|x64.Build.0 = Debug|x64
		{73B7BA44-9E6F-4851-9CC2-41C4E35C13C1}.Debug|x86.ActiveCfg = Debug|Win32
		{73B7BA44-9E6F-4851-9CC2-41C4E35C13C1}.Debug|x86.Build.0 = Debug|Win32
		{73B7BA44-9E6F-4851-9CC2-41C4E35C13C1}.Release|x64.ActiveCfg = Release|x64
		{73B7BA44-9E6F-4851-9CC2-41C4E35C13C1}.Release|x64.Build.0 = Release|x64
		{73B7BA44-9E6F-4851-9CC2-41C4E35C13C1}.Release|x86.ActiveCfg = Release|Win32
		{73B7BA44-9E6F-4851-9CC2-41C4E35C13C1}.Release|x86.Build.0 = Release|Win32
		{01B623A3-E9AE-4A67-B72D-8EB263B0BB7A}.Debug|x64.ActiveCfg = Debug|x64
		{01B623A3-E9AE-4A67-B72D-8EB263B0BB7A}.Debug|x64.Build.0 = Debug|x64
		{01B623A3-E9AE-4A67-B72D-8EB263B0BB7A}.Debug|x86.ActiveCfg = Debug|Win32
		{01B623A3-E9AE-4A67-B72D-8EB263B0BB7A}.Debug|x86.Build.0 = Debug|Win32
		{01B623A3-E9AE-4A67-B72D-8EB263B0BB7A}.Release|x64.ActiveCfg = Release|x64
		{01B623A3-E9AE-4A67-B72D-8EB263B0BB7A}.Release|x64.Build.0 = Release|x64
		{01B623A3-E9AE-4A67-B72D-8EB263B0BB7A}.Release|x86.ActiveCfg = Release|Win32
		{01B623A3-E9AE-4A67-B72D-8EB263B0BB7A}.Release|x86.Build.0 = Release|Win32
		{4D265000-82EA-401B-B4B4-3CEF13E2EDA5}.Debug|x64.ActiveCfg = Debug|x64
		{4D265000-82EA-401B-B4B4-3CEF13E2EDA5}.Debug|x64.Build.0 = Debug|x64
		{4D265000-82EA-401B-B4B4-3CEF13E2EDA5}.Debug|x86.ActiveCfg = Debug|Win32
		{4D265000-82EA-401B-B4B4-3CEF13E2EDA5}.Debug|x86.Build.0 = Debug|Win32
		{4D265000-82EA-401B-B4B4-3CEF13E2EDA5}.Release|x64.ActiveCfg = Release|x64
		{4D265000-82EA-401B-B4B4-3CEF13E2EDA5}.Release|x64.Build.0 = Release|x64
		{4D265000-82EA-401B-B4B4-3CEF13E2EDA5}.Release|x86.ActiveCfg = Release|Win32
		{4D265000-82EA-401B-B4B4-3CEF13E2EDA5}.Release|x86.Build.0 = Release|Win32
		{86E4D003-118C-474C-9B3C-5D12B4986480}.Debug|x64.ActiveCfg = Debug|x64
		{86E4D003-118C-474C-9B3C-5D12B4986480}.Debug|x64.Build.0 = Debug|x64
		{86E4D003-118C-474C-9B3C-5D12B4986480}.Debug|x86.ActiveCfg = Debug|Win32
		{86E4D003-118C-474C-9B3C-5D12B4986480}.Debug|x86.Build.0 = Debug|Win32
		{86E4D003-118C-474C-9B3C-5D12B4986480}.Release|x64.ActiveCfg = Release|x64
		{86E4D003-118C-474C-9B3C-5D12B4986480}.Release|x64.Build.0 = Release|x64
		{86E4D003-118C-474C-9B3C-5D12B4986480}.Release|x86.ActiveCfg = Release|Win32
		{86E4D003-118C-474C-9B3C-5D12B4986480}.Release|x86.Build.0 = Release|Win32
		{88F6A583-56C4-4758-B7F0-70FEF9C194F0}.Debug|x64.ActiveCfg = Debug|x64
		{88F6A583-56C4-4758-B7F0-70FEF9C194F0}.Debug|x64.Build.0 = Debug|x64
		{88F6A583-56C4-4758-B7F0-70FEF9C194F0}.Debug|x86.ActiveCfg = Debug|Win32
		{88F6A583-56C4-4758-B7F0-70FEF9C194F0}.Debug|x86.Build.0 = Debug|Win32
		{88F6A583-56C4-4758-B7F0-70FEF9C194F0}.Release|x64.ActiveCfg = Release|x64
		{88F6A583-56C4-4758-B7F0-70FEF9C194F0}.Release|x64.Build.0 = Release|x64
		{88F6A583-56C4-4758-B7F0-70FEF9C194F0}.Release|x86.ActiveCfg = Release|Win32
		{88F6A583-56C4-4758-B7F0-70FEF9C194F0}.Release|x86.Build.0 = Release|Win32
		{1F2744CA-FA33-45C8-8DCD-FB19F079BCF9}.Debug|x64.ActiveCfg = Debug|x64
		{1F2744CA-FA33-45C8-8DCD-FB19F079BCF9}.Debug|x64.Build.0 = Debug|x64
		{1F2744CA-FA33-45C8-8DCD-FB19F079BCF9}.Debug|x86.ActiveCfg = Debug|Win32
		{1F2744CA-FA33-45C8-8DCD-FB19F079BCF9}.Debug|x86.Build.0 = Debug|Win32
		{1F2744CA-FA33-45C8-8DCD-FB19F079BCF9}.Release|x64.ActiveCfg = Release|x64
		{1F2744CA-FA33-45C8-8DCD-FB19F079BCF9}.Release|x64.Build.0 = Release|x64
		{1F2744CA-FA33-45C8-8DCD-FB19F079BCF9}.Release|x86.ActiveCfg = Release|Win32
		{1F2744CA-FA33-45C8-8DCD-FB19F079BCF9}.Release|x86.Build.0 = Release|Win32
		{EEF3B5DD-F013-4631-B616-1D4F392E69BA}.Debug|x64.ActiveCfg = Debug|x64
		{EEF3B5DD-F013-4631-B616-1D4F392E69BA}.Debug|x64.Build.0 = Debug|x64
		{EEF3B5DD-F013-4631-B616-1D4F392E69BA}.Debug|x86.ActiveCfg = Debug|Win32
		{EEF3B5DD-F013-4631-B616-1D4F392E69BA}.Debug|x86.Build.0 = Debug|Win32
		{EEF3B5DD-F013-4631-B616-1D4F392E69BA}.Release|x64.ActiveCfg = Release|x64
		{EEF3B5DD-F013-4631-B616-1D4F392E69BA}.Release|x64.Build.0 = Release|x64
		{EEF3B5DD-F013-4631-B616-1D4F392E69BA}.Release|x86.ActiveCfg = Release|Win32
		{EEF3B5DD-F013-4631-B616-1D4F392E69BA}.Release|x86.Build.0 = Release|Win32
		{5A4B8DF9-2BD3-4FFF-A654-D67A969FAE2D}.Debug|x64.ActiveCfg = Debug|x64
		{5A4B8DF9-2BD3-4FFF-A654-D67A969FAE2D}.Debug|x64.Build.0 = Debug|x64
		{5A4B8DF9-2BD3-4FFF-A654-D67A969FAE2D}.Debug|x86.ActiveCfg = Debug|Win32
		{5A4B8DF9-2BD3-4FFF-A654-D67A969FAE2D}.Debug|x86.Build.0 = Debug|Win32
		{5A4B8DF9-2BD3-4FFF-A654-D67A969FAE2D}.Release|x64.ActiveCfg = Release|x64
		{5A4B8DF9-2BD3-4FFF-A654-D67A969FAE2D}.Release|x64.Build.0 = Release|x64
		{5A4B8DF9-2BD3-4FFF-A654-D67A969FAE2D}.Release|x86.ActiveCfg = Release|Win32
		{5A4B8DF9-2BD3-4FFF-A654-D67A969FAE2D}.Release|x86.Build.0 = Release|Win32
		{4121C06B-CC46-4ABF-8503-DE48EC48DB27}.Debug|x64.ActiveCfg = Debug|x64
		{4121C06B-CC46-4ABF-8503-DE48EC48DB27}.Debug|x64.Build.0 = Debug|x64
		{4121C06B-CC46-4ABF-8503-DE48EC48DB27}.Debug|x86.ActiveCfg = Debug|Win32
		{4121C06B-CC46-4ABF-8503-DE48EC48DB27}.Debug|x86.Build.0 = Debug|Win32
		{4121C06B-CC46-4ABF-8503-DE48EC48DB27}.Release|x64.ActiveCfg = Release|x64
		{4121C06B-CC46-4ABF-8503-DE48EC48DB27}.Release|x64.Build.0 = Release|x64
		{4121C06B-CC46-4ABF-8503-DE48EC48DB27}.Release|x86.ActiveCfg = Release|Win32
		{4121C06B-CC46-4ABF-8503-DE48EC48DB27}.Release|x86.Build.0 = Release|Win32
		{840C8B9E-9AD1-4B5F-9E59-EBAA3516A9EA}.Debug|x64.ActiveCfg = Debug|x64
		{840C8B9E-9AD1-4B5F-9E59-EBAA3516A9EA}.Debug|x64.Build.0 = Debug|x64
		{840C8B9E-9AD1-4B5F-9E59-EBAA3516A9EA}.Debug|x86.ActiveCfg = Debug|Win32
		{840C8B9E-9AD1-4B5F-9E59-EBAA3516A9EA}.Debug|x86.Build.0 = Debug|Win32
		{840C8B9E-9AD1-4B5F-9E59-EBAA3516A9EA}.Release|x64.ActiveCfg = Release|x64
		{840C8B9E-9AD1-4B5F-9E59-EBAA3516A9EA}.Release|x64.Build.0 = Release|x64
		{840C8B9E-9AD1-4B5F-9E59-EBAA3516A9EA}.Release|x86.ActiveCfg = Release|Win32
		{840C8B9E-9AD1-4B5F-9E59-EBAA3516A9EA}.Release|x86.Build.0 = Release|Win32
		{A36A47A1-99DD-42B8-B2D0-F08E762F20A9}.Debug|x64.ActiveCfg = Debug|x64
		{A36A47A1-99DD-42B8-B2D0-F08E762F20A9}.Debug|x64.Build.0 = Debug|x64
		{A36A47A1-99DD-42B8-B2D0-F08E762F20A9}.Debug|x86.ActiveCfg = Debug|Win32
		{A36A47A1-99DD-42B8-B2D0-F08E762F20A9}.Debug|x86.Build.0 = Debug|Win32
		{A36A47A1-99DD-42B8-B2D0-F08E762F20A9}.Release|x64.ActiveCfg = Release|x64
		{A36A47A1-99DD-42B8-B2D0-F08E762F20A9}.Release|x64.Build.0 = Release|x64
		{A36A47A1-99DD-42B8-B2D0-F08E762F20A9}.Release|x86.ActiveCfg = Release|Win32
		{A36A47A1-99DD-42B8-B2D0-F08E762F20A9}.Release|x86.Build.0 = Release|Win32
		{AE651DF7-6DEC-4BE7-8414-D5DB93B9EE0A}.Debug|x64.ActiveCfg = Debug|x64
		{AE651DF7-6DEC-4BE7-8414-D5DB93B9EE0A}.Debug|x64.Build.0 = Debug|x64
		{AE651DF7-6DEC-4BE7-8414-D5DB93B9EE0A}.Debug|x86.ActiveCfg = Debug|Win32
		{AE651DF7-6DEC-4BE7-8414-D5DB93B9EE0A}.Debug|x86.Build.0 = Debug|Win32
		{AE651DF7-6DEC-4BE7-8414-D5DB93B9EE0A}.Release|x64.ActiveCfg = Release|x64
		{AE651DF7-6DEC-4BE7-8414-D5DB93B9EE0A}.Release|x64.Build.0 = Release|x64
		{AE651DF7-6DEC-4BE7-8414-D5DB93B9EE0A}.Release|x86.ActiveCfg = Release|Win32
		{AE651DF7-6DEC-4BE7-8414-D5DB93B9EE0A}.Release|x86.Build.0 = Release|Win32
		{597D974C-BCCE-487A-89B4-20764194FD0C}.Debug|x64.ActiveCfg = Debug|x64
		{597D974C-BCCE-487A-89B4-20764194FD0C}.Debug|x64.Build.0 = Debug|x64
		{597D974C-BCCE-487A-89B4-20764194FD0C}.Debug|x86.ActiveCfg = Debug|Win32
		{597D974C-BCCE-487A-89B4-20764194FD0C}.Debug|x86.Build.0 = Debug|Win32
		{597D974C-BCCE-487A-89B4-20764194FD0C}.Release|x64.ActiveCfg = Release|x64
		{597D974C-BCCE-487A-89B4-20764194FD0C}.Release|x64.Build.0 = Release|x64
		{597D974C-BCCE-487A-89B4-20764194FD0C}.Release|x86.ActiveCfg = Release|Win32
		{597D974C-BCCE-487A-89B4-20764194FD0C}.Release|x86.Build.0 = Release|Win32
		{031CC0F1-AE43-4BB8-BF42-BC53A4328F56}.Debug|x64.ActiveCfg = Debug|x64
		{031CC0F1-AE43-4BB8-BF42-BC53A4328F56}.Debug|x64.Build.0 = Debug|x64
		{031CC0F1-AE43-4BB8-BF42-BC53A4328F56}.Debug|x86.ActiveCfg = Debug|Win32
		{031CC0F1-AE43-4BB8-BF42-BC53A4328F56}.Debug|x86.Build.0 = Debug|Win32
		{031CC0F1-AE43-4BB8-BF42-BC53A4328F56}.Release|x64.ActiveCfg = Release|x64
		{031CC0F1-AE43-4BB8-BF42-BC53A4328F56}.Release|x64.Build.0 = Release|x64
		{031CC0F1-AE43-4BB8-BF42-BC53A4328F56}.Release|x86.ActiveCfg = Release|Win32
		{031CC0F1-AE43-4BB8-BF42-BC53A4328F56}.Release|x86.Build.0 = Release|Win32
		{5CB93143-9790-4447-BAFC-DCCDE9CD209C}.Debug|x64.ActiveCfg = Debug|x64
		{5CB93143-9790-4447-BAFC-DCCDE9CD209C}.Debug|x64.Build.0 = Debug|x64
		{5CB93143-9790-4447-BAFC-DCCDE9CD209C}.Debug|x86.ActiveCfg = Debug|Win32
		{5CB93143-9790-4447-BAFC-DCCDE9CD209C}.Debug|x86.Build.0 = Debug|Win32
		{5CB93143-9790-4447-BAFC-DCCDE9CD209C}.Release|x64.ActiveCfg = Release|x64
		{5CB93143-9790-4447-BAFC-DCCDE9CD209C}.Release|x64.Build.0 = Release|x64
		{5CB93143-9790-4447-BAFC-DCCDE9CD209C}.Release|x86.ActiveCfg = Release|Win32
		{5CB93143-9790-4447-BAFC-DCCDE9CD209C}.Release|x86.Build.0 = Release|Win32
		{4D5AC8DB-4AF1-4605-9794-6989770A4119}.Debug|x64.ActiveCfg = Debug|x64
		{4D5AC8DB-4AF1-4605-9794-6989770A4119}.Debug|x64.Build.0 = Debug|x64
		{4D5AC8DB-4AF1-4605-9794-6989770A4119}.Debug|x86.ActiveCfg = Debug|Win32
		{4D5AC8DB-4AF1-4605-9794-6989770A4119}.Debug|x86.Build.0 = Debug|Win32
		{4D5AC8DB-4AF1-4605-9794-6989770A4119}.Release|x64.ActiveCfg = Release|x64
		{4D5AC8DB-4AF1-4605-9794-6989770A4119}.Release|x64.Build.0 = Release|x64
		{4D5AC8DB-4AF1-4605-9794-6989770A4119}.Release|x86.ActiveCfg = Release|Win32
		{4D5AC8DB-4AF1-4605-9794-6989770A4119}.Release|x86.Build.0 = Release|Win32
		{3A599E41-A007-41E5-B252-B702DFFB5ACE}.Debug|x64.ActiveCfg = Debug|x64
		{3A599E41-A007-41E5-B252-B702DFFB5ACE}.Debug|x64.Build.0 = Debug|x64
		{3A599E41-A007-41E5-B252-B702DFFB5ACE}.Debug|x86.ActiveCfg = Debug|Win32
		{3A599E41-A007-41E5-B252-B702DFFB5ACE}.Debug|x86.Build.0 = Debug|Win32
		{3A599E41-A007-41E5-B252-B702DFFB5ACE}.Release|x64.ActiveCfg = Release|x64
		{3A599E41-A007-41E5-B252-B702DFFB5ACE}.Release|x64.Build.0 = Release|x64
		{3A599E41-A007-41E5-B252-B702DFFB5ACE}.Release|x86.ActiveCfg = Release|Win32
		{3A599E41-A007-41E5-B252-B702DFFB5ACE}.Release|x86.Build.0 = Release|Win32
		{94BF0C4F-AB80-4DD3-8195-D212BC414797}.Debug|x64.ActiveCfg = Debug|x64
		{94BF0C4F-AB80-4DD3-8195-D212BC414797}.Debug|x64.Build.0 = Debug|x64
		{94BF0C4F-AB80-4DD3-8195-D212BC414797}.Debug|x86.ActiveCfg = Debug|Win32
		{94BF0C4F-AB80-4DD3-8195-D212BC414797}.Debug|x86.Build.0 = Debug|Win32
		{94BF0C4F-AB80-4DD3-8195-D212BC414797}.Release|x64.ActiveCfg = Release|x64
		{94BF0C4F-AB80-4DD3-8195-D212BC414797}.Release|x64.Build.0 = Release|x64
		{94BF0C4F-AB80-4DD3-8195-D212BC414797}.Release|x86.ActiveCfg = Release|Win32
		{94BF0C4F-AB80-4DD3-8195-D212BC414797}.Release|x86.Build.0 = Release|Win32
	EndGlobalSection
	GlobalSection(SolutionProperties) = preSolution
		HideSolutionNode = FALSE
	EndGlobalSection
	GlobalSection(ExtensibilityGlobals) = postSolution
		SolutionGuid = {ED3265B6-8B90-4623-89DD-E070C6D179B8}
	EndGlobalSection
EndGlobal
