<?xml version="1.0" encoding="utf-8"?>
<Project ToolsVersion="4.0" xmlns="http://schemas.microsoft.com/developer/msbuild/2003">
  <ItemGroup>
    <ClCompile Include="GAME07.cpp" />
    <ClCompile Include="CONTAINER.cpp" />
    <ClCompile Include="GAME_CLEAR.cpp" />
    <ClCompile Include="GAME_M.cpp" />
    <ClCompile Include="GAME_OBJECT.cpp" />
    <ClCompile Include="GAME_OVER.cpp" />
    <ClCompile Include="PLAY.cpp" />
    <ClCompile Include="SCENE.cpp" />
    <ClCompile Include="STAGE.cpp" />
    <ClCompile Include="TITLE.cpp" />
  </ItemGroup>
  <ItemGroup>
    <ClInclude Include="GAME07.h" />
    <ClInclude Include="CONTAINER.h" />
    <ClInclude Include="GAME_CLEAR.h" />
    <ClInclude Include="GAME_M.h" />
    <ClInclude Include="GAME_OBJECT.h" />
    <ClInclude Include="GAME_OVER.h" />
    <ClInclude Include="PLAY.h" />
    <ClInclude Include="SCENE.h" />
    <ClInclude Include="STAGE.h" />
    <ClInclude Include="TITLE.h" />
  </ItemGroup>
  <ItemGroup>
    <Text Include="..\MAIN\assets\game07\title.txt" />
  </ItemGroup>
</Project>