<?xml version="1.0" encoding="utf-8"?>
<Project ToolsVersion="4.0" xmlns="http://schemas.microsoft.com/developer/msbuild/2003">
  <ItemGroup>
    <ClCompile Include="GAME09.cpp" />
    <ClCompile Include="CONTAINER.cpp" />
    <ClCompile Include="GAME_OBJECT.cpp" />
  </ItemGroup>
  <ItemGroup>
    <ClInclude Include="GAME09.h" />
    <ClInclude Include="CONTAINER.h" />
    <ClInclude Include="GAME_OBJECT.h" />
  </ItemGroup>
  <ItemGroup>
    <Text Include="..\MAIN\assets\game09\title.txt" />
  </ItemGroup>
</Project>