<?xml version="1.0" encoding="utf-8"?>
<Project ToolsVersion="4.0" xmlns="http://schemas.microsoft.com/developer/msbuild/2003">
  <ItemGroup>
    <ClCompile Include="GAME09.cpp" />
    <ClCompile Include="CONTAINER.cpp" />
    <ClCompile Include="GAME_OBJECT.cpp" />
    <ClCompile Include="SCENE.cpp" />
    <ClCompile Include="TITLE.cpp" />
    <ClCompile Include="MUSICSELECT.cpp" />
    <ClCompile Include="STAGE.cpp" />
    <ClCompile Include="GAME_CLEAR.cpp" />
    <ClCompile Include="FADE.cpp" />
    <ClCompile Include="CHARTMANAGER.cpp" />
    <ClCompile Include="LOADSONGS.cpp" />
  </ItemGroup>
  <ItemGroup>
    <ClInclude Include="GAME09.h" />
    <ClInclude Include="CONTAINER.h" />
    <ClInclude Include="GAME_OBJECT.h" />
    <ClInclude Include="SCENE.h" />
    <ClInclude Include="TITLE.h" />
    <ClInclude Include="MUSICSELECT.h" />
    <ClInclude Include="STAGE.h" />
    <ClInclude Include="GAME_CLEAR.h" />
    <ClInclude Include="FADE.h" />
    <ClInclude Include="SONGINFO.h" />
    <ClInclude Include="CHARTMANAGER.h" />
    <ClInclude Include="LOADSONGS.h" />
  </ItemGroup>
  <ItemGroup>
    <Text Include="..\MAIN\assets\game09\title.txt" />
  </ItemGroup>
</Project>