<?xml version="1.0" encoding="utf-8"?>
<Project ToolsVersion="4.0" xmlns="http://schemas.microsoft.com/developer/msbuild/2003">
  <ItemGroup>
    <ClCompile Include="GAME06.cpp" />
    <ClCompile Include="PLAYER.cpp" />
    <ClCompile Include="TITLE.cpp" />
    <ClCompile Include="STAGE.cpp" />
    <ClCompile Include="GAME_CLEAR.cpp" />
    <ClCompile Include="GAME_OVER.cpp" />
    <ClCompile Include="CONTAINER.cpp" />
    <ClCompile Include="ENEMY.cpp" />
  </ItemGroup>
  <ItemGroup>
    <ClInclude Include="GAME06.h" />
    <ClInclude Include="PLAYER.h" />
    <ClInclude Include="TITLE.h" />
    <ClInclude Include="STAGE.h" />
    <ClInclude Include="GAME_CLEAR.h" />
    <ClInclude Include="GAME_OVER.h" />
    <ClInclude Include="SCENE.h" />
    <ClInclude Include="GAME_OBJECT.h" />
    <ClInclude Include="CONTAINER.h" />
    <ClInclude Include="ENEMY.h" />
  </ItemGroup>
  <ItemGroup>
    <Text Include="..\MAIN\assets\game06\title.txt" />
  </ItemGroup>
</Project>