<?xml version="1.0" encoding="utf-8"?>
<Project ToolsVersion="4.0" xmlns="http://schemas.microsoft.com/developer/msbuild/2003">
  <ItemGroup>
    <ClCompile Include="GAME06.cpp" />
    <ClCompile Include="PLAYER.cpp" />
    <ClCompile Include="TITLE.cpp" />
    <ClCompile Include="STAGE.cpp" />
    <ClCompile Include="CONTAINER.cpp" />
    <ClCompile Include="ENEMY.cpp" />
    <ClCompile Include="RESULT_C.cpp" />
    <ClCompile Include="RESULT_B.cpp" />
    <ClCompile Include="RESULT_A.cpp" />
    <ClCompile Include="RESULT_S.cpp" />
    <ClCompile Include="JUDGE_LIST.cpp" />
  </ItemGroup>
  <ItemGroup>
    <ClInclude Include="GAME06.h" />
    <ClInclude Include="PLAYER.h" />
    <ClInclude Include="TITLE.h" />
    <ClInclude Include="STAGE.h" />
    <ClInclude Include="SCENE.h" />
    <ClInclude Include="GAME_OBJECT.h" />
    <ClInclude Include="CONTAINER.h" />
    <ClInclude Include="ENEMY.h" />
    <ClInclude Include="RESULT_C.h" />
    <ClInclude Include="RESULT_B.h" />
    <ClInclude Include="RESULT_A.h" />
    <ClInclude Include="RESULT_S.h" />
    <ClInclude Include="JUDGE_LIST.h" />
  </ItemGroup>
  <ItemGroup>
    <Text Include="..\MAIN\assets\game06\title.txt" />
  </ItemGroup>
</Project>